{
  "name": "js-api",
  "version": "1.0.0",
  "lockfileVersion": 2,
  "requires": true,
  "packages": {
    "": {
      "name": "js-api",
      "version": "1.0.0",
      "dependencies": {
        "uuid": "^8.3.2"
      },
      "devDependencies": {
        "@serverless/cloud": "^2.0.0"
      }
    },
    "node_modules/@serverless/cloud": {
      "version": "2.10.1",
      "resolved": "https://registry.npmjs.org/@serverless/cloud/-/cloud-2.10.1.tgz",
      "integrity": "sha512-4PSklW7k0MB0gXPsVug1+kLTuTTcsvJ/ueZqJurYsk4C58nXiz9xowacyLN67DPDAMKeuFO7Jhj5bRFAbL+tNg==",
      "dev": true,
      "bin": {
        "cloud": "bin/bin"
      },
      "engines": {
        "node": ">=12.0.0"
      },
      "optionalDependencies": {
        "fsevents": "~2.3.2"
      }
    },
    "node_modules/fsevents": {
      "version": "2.3.2",
      "resolved": "https://registry.npmjs.org/fsevents/-/fsevents-2.3.2.tgz",
      "integrity": "sha512-xiqMQR4xAeHTuB9uWm+fFRcIOgKBMiOBP+eXiyT7jsgVCq1bkVygt00oASowB7EdtpOHaaPgKt812P9ab+DDKA==",
      "dev": true,
      "hasInstallScript": true,
      "optional": true,
      "os": [
        "darwin"
      ],
      "engines": {
        "node": "^8.16.0 || ^10.6.0 || >=11.0.0"
      }
    },
    "node_modules/uuid": {
      "version": "8.3.2",
      "resolved": "https://registry.npmjs.org/uuid/-/uuid-8.3.2.tgz",
      "integrity": "sha512-+NYs2QeMWy+GWFOEm9xnn6HCDp0l7QBD7ml8zLUmJ+93Q5NF0NocErnwkTkXVFNiX3/fpC6afS8Dhb/gz7R7eg==",
      "bin": {
        "uuid": "dist/bin/uuid"
      }
    }
  },
  "dependencies": {
    "@serverless/cloud": {
      "version": "2.10.1",
      "resolved": "https://registry.npmjs.org/@serverless/cloud/-/cloud-2.10.1.tgz",
      "integrity": "sha512-4PSklW7k0MB0gXPsVug1+kLTuTTcsvJ/ueZqJurYsk4C58nXiz9xowacyLN67DPDAMKeuFO7Jhj5bRFAbL+tNg==",
      "dev": true,
      "requires": {
        "fsevents": "~2.3.2"
      }
    },
    "fsevents": {
      "version": "2.3.2",
      "resolved": "https://registry.npmjs.org/fsevents/-/fsevents-2.3.2.tgz",
      "integrity": "sha512-xiqMQR4xAeHTuB9uWm+fFRcIOgKBMiOBP+eXiyT7jsgVCq1bkVygt00oASowB7EdtpOHaaPgKt812P9ab+DDKA==",
      "dev": true,
      "optional": true
    },
    "uuid": {
      "version": "8.3.2",
      "resolved": "https://registry.npmjs.org/uuid/-/uuid-8.3.2.tgz",
      "integrity": "sha512-+NYs2QeMWy+GWFOEm9xnn6HCDp0l7QBD7ml8zLUmJ+93Q5NF0NocErnwkTkXVFNiX3/fpC6afS8Dhb/gz7R7eg=="
    }
  }
}
